{
  "name": "Code",
  "lockfileVersion": 3,
  "requires": true,
  "packages": {
    "": {
      "dependencies": {
        "three-editor-cores": "^1.1.6"
      }
    },
    "node_modules/dat.gui": {
      "version": "0.7.9",
      "resolved": "https://registry.npmmirror.com/dat.gui/-/dat.gui-0.7.9.tgz",
      "integrity": "sha512-sCNc1OHobc+Erc1HqiswYgHdVNpSJUlk/Hz8vzOCsER7rl+oF/4+v8GXFUyCgtXpoCX6+bnmg07DedLvBLwYKQ==",
      "license": "Apache-2.0"
    },
    "node_modules/gsap": {
      "version": "3.14.2",
      "resolved": "https://registry.npmmirror.com/gsap/-/gsap-3.14.2.tgz",
      "integrity": "sha512-P8/mMxVLU7o4+55+1TCnQrPmgjPKnwkzkXOK1asnR9Jg2lna4tEY5qBJjMmAaOBDDZWtlRjBXjLa0w53G/uBLA==",
      "license": "Standard 'no charge' license: https://gsap.com/standard-license."
    },
    "node_modules/mgrs": {
      "version": "1.0.0",
      "resolved": "https://registry.npmmirror.com/mgrs/-/mgrs-1.0.0.tgz",
      "integrity": "sha512-awNbTOqCxK1DBGjalK3xqWIstBZgN6fxsMSiXLs9/spqWkF2pAhb2rrYCFSsr1/tT7PhcDGjZndG8SWYn0byYA==",
      "license": "MIT"
    },
    "node_modules/proj4": {
      "version": "2.20.3",
      "resolved": "https://registry.npmmirror.com/proj4/-/proj4-2.20.3.tgz",
      "integrity": "sha512-uKJXnf/RkHhExxnWHqQqy2J1bPc5Qo8XSGzrMSJTdPWUQDo1DkunIRBfAS0crQaP9bZCSKNjqYJdYWVov0hDXw==",
      "license": "MIT",
      "dependencies": {
        "mgrs": "1.0.0",
        "wkt-parser": "^1.5.3"
      },
      "funding": {
        "url": "https://github.com/sponsors/ahocevar"
      }
    },
    "node_modules/three": {
      "version": "0.165.0",
      "resolved": "https://registry.npmmirror.com/three/-/three-0.165.0.tgz",
      "integrity": "sha512-cc96IlVYGydeceu0e5xq70H8/yoVT/tXBxV/W8A/U6uOq7DXc4/s1Mkmnu6SqoYGhSRWWYFOhVwvq6V0VtbplA==",
      "license": "MIT"
    },
    "node_modules/three-editor-cores": {
      "version": "1.1.6",
      "resolved": "https://registry.npmmirror.com/three-editor-cores/-/three-editor-cores-1.1.6.tgz",
      "integrity": "sha512-b32VRhGG7wVlkBcRYv9FQNuoTt6QcUPMyMjgJqCjUPyf1bCwIDHtfqFsVxXQ3oSTdgelNyh1qiMxnOVFvoaNDQ==",
      "dependencies": {
        "dat.gui": "^0.7.9",
        "gsap": "^3.12.5",
        "proj4": "^2.11.0",
        "three": "^0.165.0",
        "vanjs-core": "^1.5.0",
        "vanjs-ui": "^0.10.0"
      }
    },
    "node_modules/vanjs-core": {
      "version": "1.6.0",
      "resolved": "https://registry.npmmirror.com/vanjs-core/-/vanjs-core-1.6.0.tgz",
      "integrity": "sha512-4KM9mKEji7woioytMNKQ2XrqD31ykG9vde3N1F/gyJJ0oaOSohdeaN2o4UC4Ndu3Raj1SEXWvW7k4etZI8Ovjw==",
      "license": "MIT"
    },
    "node_modules/vanjs-ui": {
      "version": "0.10.1",
      "resolved": "https://registry.npmmirror.com/vanjs-ui/-/vanjs-ui-0.10.1.tgz",
      "integrity": "sha512-4cqDeW5xcUKNAz4L1yxNHec+I098by0YF+PSy204K4d2nIyPA1yKI0x0V1BuTxj2UU16oxEsLo/bkjlXfQLlxw==",
      "license": "MIT",
      "dependencies": {
        "vanjs-core": "^1.5.2"
      }
    },
    "node_modules/wkt-parser": {
      "version": "1.5.3",
      "resolved": "https://registry.npmmirror.com/wkt-parser/-/wkt-parser-1.5.3.tgz",
      "integrity": "sha512-myla+RrMj+WTlnHc8Y4HEwjBcBF9dqJ3vjff/zmlrn9V3OKOM1mZVIyNjlPEmOM9Jjr/PPut0tnaTs9NyHcK8Q==",
      "license": "MIT"
    }
  }
}
